// !$*UTF8*$!
{
	archiveVersion = 1;
	classes = {
	};
	objectVersion = 56;
	objects = {

/* Begin PBXBuildFile section */
		37D788EB2C985EF300A1DE89 /* WordleAppApp.swift in Sources */ = {isa = PBXBuildFile; fileRef = 37D788EA2C985EF300A1DE89 /* WordleAppApp.swift */; };
		37D788ED2C985EF300A1DE89 /* ContentView.swift in Sources */ = {isa = PBXBuildFile; fileRef = 37D788EC2C985EF300A1DE89 /* ContentView.swift */; };
		37D788EF2C985EF400A1DE89 /* Assets.xcassets in Resources */ = {isa = PBXBuildFile; fileRef = 37D788EE2C985EF400A1DE89 /* Assets.xcassets */; };
		37D788F22C985EF400A1DE89 /* Preview Assets.xcassets in Resources */ = {isa = PBXBuildFile; fileRef = 37D788F12C985EF400A1DE89 /* Preview Assets.xcassets */; };
		37D788FC2C985EF400A1DE89 /* WordleAppTests.swift in Sources */ = {isa = PBXBuildFile; fileRef = 37D788FB2C985EF400A1DE89 /* WordleAppTests.swift */; };
		37D789062C985EF400A1DE89 /* WordleAppUITests.swift in Sources */ = {isa = PBXBuildFile; fileRef = 37D789052C985EF400A1DE89 /* WordleAppUITests.swift */; };
		37D789082C985EF400A1DE89 /* WordleAppUITestsLaunchTests.swift in Sources */ = {isa = PBXBuildFile; fileRef = 37D789072C985EF400A1DE89 /* WordleAppUITestsLaunchTests.swift */; };
		37D789152C985FA900A1DE89 /* GameController.swift in Sources */ = {isa = PBXBuildFile; fileRef = 37D789142C985FA900A1DE89 /* GameController.swift */; };
		37D789172C98604F00A1DE89 /* WordList.swift in Sources */ = {isa = PBXBuildFile; fileRef = 37D789162C98604F00A1DE89 /* WordList.swift */; };
		37D7891B2C9860F700A1DE89 /* wordlist.txt in Resources */ = {isa = PBXBuildFile; fileRef = 37D7891A2C9860F700A1DE89 /* wordlist.txt */; };
/* End PBXBuildFile section */

/* Begin PBXContainerItemProxy section */
		37D788F82C985EF400A1DE89 /* PBXContainerItemProxy */ = {
			isa = PBXContainerItemProxy;
			containerPortal = 37D788DF2C985EF300A1DE89 /* Project object */;
			proxyType = 1;
			remoteGlobalIDString = 37D788E62C985EF300A1DE89;
			remoteInfo = WordleApp;
		};
		37D789022C985EF400A1DE89 /* PBXContainerItemProxy */ = {
			isa = PBXContainerItemProxy;
			containerPortal = 37D788DF2C985EF300A1DE89 /* Project object */;
			proxyType = 1;
			remoteGlobalIDString = 37D788E62C985EF300A1DE89;
			remoteInfo = WordleApp;
		};
/* End PBXContainerItemProxy section */

/* Begin PBXFileReference section */
		37D788E72C985EF300A1DE89 /* WordleApp.app */ = {isa = PBXFileReference; explicitFileType = wrapper.application; includeInIndex = 0; path = WordleApp.app; sourceTree = BUILT_PRODUCTS_DIR; };
		37D788EA2C985EF300A1DE89 /* WordleAppApp.swift */ = {isa = PBXFileReference; lastKnownFileType = sourcecode.swift; path = WordleAppApp.swift; sourceTree = "<group>"; };
		37D788EC2C985EF300A1DE89 /* ContentView.swift */ = {isa = PBXFileReference; lastKnownFileType = sourcecode.swift; path = ContentView.swift; sourceTree = "<group>"; };
		37D788EE2C985EF400A1DE89 /* Assets.xcassets */ = {isa = PBXFileReference; lastKnownFileType = folder.assetcatalog; path = Assets.xcassets; sourceTree = "<group>"; };
		37D788F12C985EF400A1DE89 /* Preview Assets.xcassets */ = {isa = PBXFileReference; lastKnownFileType = folder.assetcatalog; path = "Preview Assets.xcassets"; sourceTree = "<group>"; };
		37D788F72C985EF400A1DE89 /* WordleAppTests.xctest */ = {isa = PBXFileReference; explicitFileType = wrapper.cfbundle; includeInIndex = 0; path = WordleAppTests.xctest; sourceTree = BUILT_PRODUCTS_DIR; };
		37D788FB2C985EF400A1DE89 /* WordleAppTests.swift */ = {isa = PBXFileReference; lastKnownFileType = sourcecode.swift; path = WordleAppTests.swift; sourceTree = "<group>"; };
		37D789012C985EF400A1DE89 /* WordleAppUITests.xctest */ = {isa = PBXFileReference; explicitFileType = wrapper.cfbundle; includeInIndex = 0; path = WordleAppUITests.xctest; sourceTree = BUILT_PRODUCTS_DIR; };
		37D789052C985EF400A1DE89 /* WordleAppUITests.swift */ = {isa = PBXFileReference; lastKnownFileType = sourcecode.swift; path = WordleAppUITests.swift; sourceTree = "<group>"; };
		37D789072C985EF400A1DE89 /* WordleAppUITestsLaunchTests.swift */ = {isa = PBXFileReference; lastKnownFileType = sourcecode.swift; path = WordleAppUITestsLaunchTests.swift; sourceTree = "<group>"; };
		37D789142C985FA900A1DE89 /* GameController.swift */ = {isa = PBXFileReference; lastKnownFileType = sourcecode.swift; path = GameController.swift; sourceTree = "<group>"; };
		37D789162C98604F00A1DE89 /* WordList.swift */ = {isa = PBXFileReference; lastKnownFileType = sourcecode.swift; path = WordList.swift; sourceTree = "<group>"; };
		37D7891A2C9860F700A1DE89 /* wordlist.txt */ = {isa = PBXFileReference; fileEncoding = 4; lastKnownFileType = text; path = wordlist.txt; sourceTree = "<group>"; };
/* End PBXFileReference section */

/* Begin PBXFrameworksBuildPhase section */
		37D788E42C985EF300A1DE89 /* Frameworks */ = {
			isa = PBXFrameworksBuildPhase;
			buildActionMask = 2147483647;
			files = (
			);
			runOnlyForDeploymentPostprocessing = 0;
		};
		37D788F42C985EF400A1DE89 /* Frameworks */ = {
			isa = PBXFrameworksBuildPhase;
			buildActionMask = 2147483647;
			files = (
			);
			runOnlyForDeploymentPostprocessing = 0;
		};
		37D788FE2C985EF400A1DE89 /* Frameworks */ = {
			isa = PBXFrameworksBuildPhase;
			buildActionMask = 2147483647;
			files = (
			);
			runOnlyForDeploymentPostprocessing = 0;
		};
/* End PBXFrameworksBuildPhase section */

/* Begin PBXGroup section */
		37D788DE2C985EF300A1DE89 = {
			isa = PBXGroup;
			children = (
				37D788E92C985EF300A1DE89 /* WordleApp */,
				37D788FA2C985EF400A1DE89 /* WordleAppTests */,
				37D789042C985EF400A1DE89 /* WordleAppUITests */,
				37D788E82C985EF300A1DE89 /* Products */,
			);
			sourceTree = "<group>";
		};
		37D788E82C985EF300A1DE89 /* Products */ = {
			isa = PBXGroup;
			children = (
				37D788E72C985EF300A1DE89 /* WordleApp.app */,
				37D788F72C985EF400A1DE89 /* WordleAppTests.xctest */,
				37D789012C985EF400A1DE89 /* WordleAppUITests.xctest */,
			);
			name = Products;
			sourceTree = "<group>";
		};
		37D788E92C985EF300A1DE89 /* WordleApp */ = {
			isa = PBXGroup;
			children = (
				37D7891A2C9860F700A1DE89 /* wordlist.txt */,
				37D788EA2C985EF300A1DE89 /* WordleAppApp.swift */,
				37D789142C985FA900A1DE89 /* GameController.swift */,
				37D788EC2C985EF300A1DE89 /* ContentView.swift */,
				37D789162C98604F00A1DE89 /* WordList.swift */,
				37D788EE2C985EF400A1DE89 /* Assets.xcassets */,
				37D788F02C985EF400A1DE89 /* Preview Content */,
			);
			path = WordleApp;
			sourceTree = "<group>";
		};
		37D788F02C985EF400A1DE89 /* Preview Content */ = {
			isa = PBXGroup;
			children = (
				37D788F12C985EF400A1DE89 /* Preview Assets.xcassets */,
			);
			path = "Preview Content";
			sourceTree = "<group>";
		};
		37D788FA2C985EF400A1DE89 /* WordleAppTests */ = {
			isa = PBXGroup;
			children = (
				37D788FB2C985EF400A1DE89 /* WordleAppTests.swift */,
			);
			path = WordleAppTests;
			sourceTree = "<group>";
		};
		37D789042C985EF400A1DE89 /* WordleAppUITests */ = {
			isa = PBXGroup;
			children = (
				37D789052C985EF400A1DE89 /* WordleAppUITests.swift */,
				37D789072C985EF400A1DE89 /* WordleAppUITestsLaunchTests.swift */,
			);
			path = WordleAppUITests;
			sourceTree = "<group>";
		};
/* End PBXGroup section */

/* Begin PBXNativeTarget section */
		37D788E62C985EF300A1DE89 /* WordleApp */ = {
			isa = PBXNativeTarget;
			buildConfigurationList = 37D7890B2C985EF400A1DE89 /* Build configuration list for PBXNativeTarget "WordleApp" */;
			buildPhases = (
				37D788E32C985EF300A1DE89 /* Sources */,
				37D788E42C985EF300A1DE89 /* Frameworks */,
				37D788E52C985EF300A1DE89 /* Resources */,
			);
			buildRules = (
			);
			dependencies = (
			);
			name = WordleApp;
			productName = WordleApp;
			productReference = 37D788E72C985EF300A1DE89 /* WordleApp.app */;
			productType = "com.apple.product-type.application";
		};
		37D788F62C985EF400A1DE89 /* WordleAppTests */ = {
			isa = PBXNativeTarget;
			buildConfigurationList = 37D7890E2C985EF400A1DE89 /* Build configuration list for PBXNativeTarget "WordleAppTests" */;
			buildPhases = (
				37D788F32C985EF400A1DE89 /* Sources */,
				37D788F42C985EF400A1DE89 /* Frameworks */,
				37D788F52C985EF400A1DE89 /* Resources */,
			);
			buildRules = (
			);
			dependencies = (
				37D788F92C985EF400A1DE89 /* PBXTargetDependency */,
			);
			name = WordleAppTests;
			productName = WordleAppTests;
			productReference = 37D788F72C985EF400A1DE89 /* WordleAppTests.xctest */;
			productType = "com.apple.product-type.bundle.unit-test";
		};
		37D789002C985EF400A1DE89 /* WordleAppUITests */ = {
			isa = PBXNativeTarget;
			buildConfigurationList = 37D789112C985EF400A1DE89 /* Build configuration list for PBXNativeTarget "WordleAppUITests" */;
			buildPhases = (
				37D788FD2C985EF400A1DE89 /* Sources */,
				37D788FE2C985EF400A1DE89 /* Frameworks */,
				37D788FF2C985EF400A1DE89 /* Resources */,
			);
			buildRules = (
			);
			dependencies = (
				37D789032C985EF400A1DE89 /* PBXTargetDependency */,
			);
			name = WordleAppUITests;
			productName = WordleAppUITests;
			productReference = 37D789012C985EF400A1DE89 /* WordleAppUITests.xctest */;
			productType = "com.apple.product-type.bundle.ui-testing";
		};
/* End PBXNativeTarget section */

/* Begin PBXProject section */
		37D788DF2C985EF300A1DE89 /* Project object */ = {
			isa = PBXProject;
			attributes = {
				BuildIndependentTargetsInParallel = 1;
				LastSwiftUpdateCheck = 1540;
				LastUpgradeCheck = 1540;
				TargetAttributes = {
					37D788E62C985EF300A1DE89 = {
						CreatedOnToolsVersion = 15.4;
					};
					37D788F62C985EF400A1DE89 = {
						CreatedOnToolsVersion = 15.4;
						TestTargetID = 37D788E62C985EF300A1DE89;
					};
					37D789002C985EF400A1DE89 = {
						CreatedOnToolsVersion = 15.4;
						TestTargetID = 37D788E62C985EF300A1DE89;
					};
				};
			};
			buildConfigurationList = 37D788E22C985EF300A1DE89 /* Build configuration list for PBXProject "WordleApp" */;
			compatibilityVersion = "Xcode 14.0";
			developmentRegion = en;
			hasScannedForEncodings = 0;
			knownRegions = (
				en,
				Base,
			);
			mainGroup = 37D788DE2C985EF300A1DE89;
			productRefGroup = 37D788E82C985EF300A1DE89 /* Products */;
			projectDirPath = "";
			projectRoot = "";
			targets = (
				37D788E62C985EF300A1DE89 /* WordleApp */,
				37D788F62C985EF400A1DE89 /* WordleAppTests */,
				37D789002C985EF400A1DE89 /* WordleAppUITests */,
			);
		};
/* End PBXProject section */

/* Begin PBXResourcesBuildPhase section */
		37D788E52C985EF300A1DE89 /* Resources */ = {
			isa = PBXResourcesBuildPhase;
			buildActionMask = 2147483647;
			files = (
				37D788F22C985EF400A1DE89 /* Preview Assets.xcassets in Resources */,
				37D7891B2C9860F700A1DE89 /* wordlist.txt in Resources */,
				37D788EF2C985EF400A1DE89 /* Assets.xcassets in Resources */,
			);
			runOnlyForDeploymentPostprocessing = 0;
		};
		37D788F52C985EF400A1DE89 /* Resources */ = {
			isa = PBXResourcesBuildPhase;
			buildActionMask = 2147483647;
			files = (
			);
			runOnlyForDeploymentPostprocessing = 0;
		};
		37D788FF2C985EF400A1DE89 /* Resources */ = {
			isa = PBXResourcesBuildPhase;
			buildActionMask = 2147483647;
			files = (
			);
			runOnlyForDeploymentPostprocessing = 0;
		};
/* End PBXResourcesBuildPhase section */

/* Begin PBXSourcesBuildPhase section */
		37D788E32C985EF300A1DE89 /* Sources */ = {
			isa = PBXSourcesBuildPhase;
			buildActionMask = 2147483647;
			files = (
				37D788ED2C985EF300A1DE89 /* ContentView.swift in Sources */,
				37D789172C98604F00A1DE89 /* WordList.swift in Sources */,
				37D789152C985FA900A1DE89 /* GameController.swift in Sources */,
				37D788EB2C985EF300A1DE89 /* WordleAppApp.swift in Sources */,
			);
			runOnlyForDeploymentPostprocessing = 0;
		};
		37D788F32C985EF400A1DE89 /* Sources */ = {
			isa = PBXSourcesBuildPhase;
			buildActionMask = 2147483647;
			files = (
				37D788FC2C985EF400A1DE89 /* WordleAppTests.swift in Sources */,
			);
			runOnlyForDeploymentPostprocessing = 0;
		};
		37D788FD2C985EF400A1DE89 /* Sources */ = {
			isa = PBXSourcesBuildPhase;
			buildActionMask = 2147483647;
			files = (
				37D789062C985EF400A1DE89 /* WordleAppUITests.swift in Sources */,
				37D789082C985EF400A1DE89 /* WordleAppUITestsLaunchTests.swift in Sources */,
			);
			runOnlyForDeploymentPostprocessing = 0;
		};
/* End PBXSourcesBuildPhase section */

/* Begin PBXTargetDependency section */
		37D788F92C985EF400A1DE89 /* PBXTargetDependency */ = {
			isa = PBXTargetDependency;
			target = 37D788E62C985EF300A1DE89 /* WordleApp */;
			targetProxy = 37D788F82C985EF400A1DE89 /* PBXContainerItemProxy */;
		};
		37D789032C985EF400A1DE89 /* PBXTargetDependency */ = {
			isa = PBXTargetDependency;
			target = 37D788E62C985EF300A1DE89 /* WordleApp */;
			targetProxy = 37D789022C985EF400A1DE89 /* PBXContainerItemProxy */;
		};
/* End PBXTargetDependency section */

/* Begin XCBuildConfiguration section */
		37D789092C985EF400A1DE89 /* Debug */ = {
			isa = XCBuildConfiguration;
			buildSettings = {
				ALWAYS_SEARCH_USER_PATHS = NO;
				ASSETCATALOG_COMPILER_GENERATE_SWIFT_ASSET_SYMBOL_EXTENSIONS = YES;
				CLANG_ANALYZER_NONNULL = YES;
				CLANG_ANALYZER_NUMBER_OBJECT_CONVERSION = YES_AGGRESSIVE;
				CLANG_CXX_LANGUAGE_STANDARD = "gnu++20";
				CLANG_ENABLE_MODULES = YES;
				CLANG_ENABLE_OBJC_ARC = YES;
				CLANG_ENABLE_OBJC_WEAK = YES;
				CLANG_WARN_BLOCK_CAPTURE_AUTORELEASING = YES;
				CLANG_WARN_BOOL_CONVERSION = YES;
				CLANG_WARN_COMMA = YES;
				CLANG_WARN_CONSTANT_CONVERSION = YES;
				CLANG_WARN_DEPRECATED_OBJC_IMPLEMENTATIONS = YES;
				CLANG_WARN_DIRECT_OBJC_ISA_USAGE = YES_ERROR;
				CLANG_WARN_DOCUMENTATION_COMMENTS = YES;
				CLANG_WARN_EMPTY_BODY = YES;
				CLANG_WARN_ENUM_CONVERSION = YES;
				CLANG_WARN_INFINITE_RECURSION = YES;
				CLANG_WARN_INT_CONVERSION = YES;
				CLANG_WARN_NON_LITERAL_NULL_CONVERSION = YES;
				CLANG_WARN_OBJC_IMPLICIT_RETAIN_SELF = YES;
				CLANG_WARN_OBJC_LITERAL_CONVERSION = YES;
				CLANG_WARN_OBJC_ROOT_CLASS = YES_ERROR;
				CLANG_WARN_QUOTED_INCLUDE_IN_FRAMEWORK_HEADER = YES;
				CLANG_WARN_RANGE_LOOP_ANALYSIS = YES;
				CLANG_WARN_STRICT_PROTOTYPES = YES;
				CLANG_WARN_SUSPICIOUS_MOVE = YES;
				CLANG_WARN_UNGUARDED_AVAILABILITY = YES_AGGRESSIVE;
				CLANG_WARN_UNREACHABLE_CODE = YES;
				CLANG_WARN__DUPLICATE_METHOD_MATCH = YES;
				COPY_PHASE_STRIP = NO;
				DEBUG_INFORMATION_FORMAT = dwarf;
				ENABLE_STRICT_OBJC_MSGSEND = YES;
				ENABLE_TESTABILITY = YES;
				ENABLE_USER_SCRIPT_SANDBOXING = YES;
				GCC_C_LANGUAGE_STANDARD = gnu17;
				GCC_DYNAMIC_NO_PIC = NO;
				GCC_NO_COMMON_BLOCKS = YES;
				GCC_OPTIMIZATION_LEVEL = 0;
				GCC_PREPROCESSOR_DEFINITIONS = (
					"DEBUG=1",
					"$(inherited)",
				);
				GCC_WARN_64_TO_32_BIT_CONVERSION = YES;
				GCC_WARN_ABOUT_RETURN_TYPE = YES_ERROR;
				GCC_WARN_UNDECLARED_SELECTOR = YES;
				GCC_WARN_UNINITIALIZED_AUTOS = YES_AGGRESSIVE;
				GCC_WARN_UNUSED_FUNCTION = YES;
				GCC_WARN_UNUSED_VARIABLE = YES;
				IPHONEOS_DEPLOYMENT_TARGET = 17.5;
				LOCALIZATION_PREFERS_STRING_CATALOGS = YES;
				MTL_ENABLE_DEBUG_INFO = INCLUDE_SOURCE;
				MTL_FAST_MATH = YES;
				ONLY_ACTIVE_ARCH = YES;
				SDKROOT = iphoneos;
				SWIFT_ACTIVE_COMPILATION_CONDITIONS = "DEBUG $(inherited)";
				SWIFT_OPTIMIZATION_LEVEL = "-Onone";
			};
			name = Debug;
		};
		37D7890A2C985EF400A1DE89 /* Release */ = {
			isa = XCBuildConfiguration;
			buildSettings = {
				ALWAYS_SEARCH_USER_PATHS = NO;
				ASSETCATALOG_COMPILER_GENERATE_SWIFT_ASSET_SYMBOL_EXTENSIONS = YES;
				CLANG_ANALYZER_NONNULL = YES;
				CLANG_ANALYZER_NUMBER_OBJECT_CONVERSION = YES_AGGRESSIVE;
				CLANG_CXX_LANGUAGE_STANDARD = "gnu++20";
				CLANG_ENABLE_MODULES = YES;
				CLANG_ENABLE_OBJC_ARC = YES;
				CLANG_ENABLE_OBJC_WEAK = YES;
				CLANG_WARN_BLOCK_CAPTURE_AUTORELEASING = YES;
				CLANG_WARN_BOOL_CONVERSION = YES;
				CLANG_WARN_COMMA = YES;
				CLANG_WARN_CONSTANT_CONVERSION = YES;
				CLANG_WARN_DEPRECATED_OBJC_IMPLEMENTATIONS = YES;
				CLANG_WARN_DIRECT_OBJC_ISA_USAGE = YES_ERROR;
				CLANG_WARN_DOCUMENTATION_COMMENTS = YES;
				CLANG_WARN_EMPTY_BODY = YES;
				CLANG_WARN_ENUM_CONVERSION = YES;
				CLANG_WARN_INFINITE_RECURSION = YES;
				CLANG_WARN_INT_CONVERSION = YES;
				CLANG_WARN_NON_LITERAL_NULL_CONVERSION = YES;
				CLANG_WARN_OBJC_IMPLICIT_RETAIN_SELF = YES;
				CLANG_WARN_OBJC_LITERAL_CONVERSION = YES;
				CLANG_WARN_OBJC_ROOT_CLASS = YES_ERROR;
				CLANG_WARN_QUOTED_INCLUDE_IN_FRAMEWORK_HEADER = YES;
				CLANG_WARN_RANGE_LOOP_ANALYSIS = YES;
				CLANG_WARN_STRICT_PROTOTYPES = YES;
				CLANG_WARN_SUSPICIOUS_MOVE = YES;
				CLANG_WARN_UNGUARDED_AVAILABILITY = YES_AGGRESSIVE;
				CLANG_WARN_UNREACHABLE_CODE = YES;
				CLANG_WARN__DUPLICATE_METHOD_MATCH = YES;
				COPY_PHASE_STRIP = NO;
				DEBUG_INFORMATION_FORMAT = "dwarf-with-dsym";
				ENABLE_NS_ASSERTIONS = NO;
				ENABLE_STRICT_OBJC_MSGSEND = YES;
				ENABLE_USER_SCRIPT_SANDBOXING = YES;
				GCC_C_LANGUAGE_STANDARD = gnu17;
				GCC_NO_COMMON_BLOCKS = YES;
				GCC_WARN_64_TO_32_BIT_CONVERSION = YES;
				GCC_WARN_ABOUT_RETURN_TYPE = YES_ERROR;
				GCC_WARN_UNDECLARED_SELECTOR = YES;
				GCC_WARN_UNINITIALIZED_AUTOS = YES_AGGRESSIVE;
				GCC_WARN_UNUSED_FUNCTION = YES;
				GCC_WARN_UNUSED_VARIABLE = YES;
				IPHONEOS_DEPLOYMENT_TARGET = 17.5;
				LOCALIZATION_PREFERS_STRING_CATALOGS = YES;
				MTL_ENABLE_DEBUG_INFO = NO;
				MTL_FAST_MATH = YES;
				SDKROOT = iphoneos;
				SWIFT_COMPILATION_MODE = wholemodule;
				VALIDATE_PRODUCT = YES;
			};
			name = Release;
		};
		37D7890C2C985EF400A1DE89 /* Debug */ = {
			isa = XCBuildConfiguration;
			buildSettings = {
				ASSETCATALOG_COMPILER_APPICON_NAME = AppIcon;
				ASSETCATALOG_COMPILER_GLOBAL_ACCENT_COLOR_NAME = AccentColor;
				CODE_SIGN_STYLE = Automatic;
				CURRENT_PROJECT_VERSION = 1;
				DEVELOPMENT_ASSET_PATHS = "\"WordleApp/Preview Content\"";
				DEVELOPMENT_TEAM = DG2N2T855J;
				ENABLE_PREVIEWS = YES;
				GENERATE_INFOPLIST_FILE = YES;
				INFOPLIST_KEY_UIApplicationSceneManifest_Generation = YES;
				INFOPLIST_KEY_UIApplicationSupportsIndirectInputEvents = YES;
				INFOPLIST_KEY_UILaunchScreen_Generation = YES;
				INFOPLIST_KEY_UISupportedInterfaceOrientations_iPad = "UIInterfaceOrientationPortrait UIInterfaceOrientationPortraitUpsideDown UIInterfaceOrientationLandscapeLeft UIInterfaceOrientationLandscapeRight";
				INFOPLIST_KEY_UISupportedInterfaceOrientations_iPhone = "UIInterfaceOrientationPortrait UIInterfaceOrientationLandscapeLeft UIInterfaceOrientationLandscapeRight";
				LD_RUNPATH_SEARCH_PATHS = (
					"$(inherited)",
					"@executable_path/Frameworks",
				);
				MARKETING_VERSION = 1.0;
				PRODUCT_BUNDLE_IDENTIFIER = emiran.WordleApp;
				PRODUCT_NAME = "$(TARGET_NAME)";
				SWIFT_EMIT_LOC_STRINGS = YES;
				SWIFT_VERSION = 5.0;
				TARGETED_DEVICE_FAMILY = "1,2";
			};
			name = Debug;
		};
		37D7890D2C985EF400A1DE89 /* Release */ = {
			isa = XCBuildConfiguration;
			buildSettings = {
				ASSETCATALOG_COMPILER_APPICON_NAME = AppIcon;
				ASSETCATALOG_COMPILER_GLOBAL_ACCENT_COLOR_NAME = AccentColor;
				CODE_SIGN_STYLE = Automatic;
				CURRENT_PROJECT_VERSION = 1;
				DEVELOPMENT_ASSET_PATHS = "\"WordleApp/Preview Content\"";
				DEVELOPMENT_TEAM = DG2N2T855J;
				ENABLE_PREVIEWS = YES;
				GENERATE_INFOPLIST_FILE = YES;
				INFOPLIST_KEY_UIApplicationSceneManifest_Generation = YES;
				INFOPLIST_KEY_UIApplicationSupportsIndirectInputEvents = YES;
				INFOPLIST_KEY_UILaunchScreen_Generation = YES;
				INFOPLIST_KEY_UISupportedInterfaceOrientations_iPad = "UIInterfaceOrientationPortrait UIInterfaceOrientationPortraitUpsideDown UIInterfaceOrientationLandscapeLeft UIInterfaceOrientationLandscapeRight";
				INFOPLIST_KEY_UISupportedInterfaceOrientations_iPhone = "UIInterfaceOrientationPortrait UIInterfaceOrientationLandscapeLeft UIInterfaceOrientationLandscapeRight";
				LD_RUNPATH_SEARCH_PATHS = (
					"$(inherited)",
					"@executable_path/Frameworks",
				);
				MARKETING_VERSION = 1.0;
				PRODUCT_BUNDLE_IDENTIFIER = emiran.WordleApp;
				PRODUCT_NAME = "$(TARGET_NAME)";
				SWIFT_EMIT_LOC_STRINGS = YES;
				SWIFT_VERSION = 5.0;
				TARGETED_DEVICE_FAMILY = "1,2";
			};
			name = Release;
		};
		37D7890F2C985EF400A1DE89 /* Debug */ = {
			isa = XCBuildConfiguration;
			buildSettings = {
				ALWAYS_EMBED_SWIFT_STANDARD_LIBRARIES = YES;
				BUNDLE_LOADER = "$(TEST_HOST)";
				CODE_SIGN_STYLE = Automatic;
				CURRENT_PROJECT_VERSION = 1;
				DEVELOPMENT_TEAM = DG2N2T855J;
				GENERATE_INFOPLIST_FILE = YES;
				IPHONEOS_DEPLOYMENT_TARGET = 17.5;
				MARKETING_VERSION = 1.0;
				PRODUCT_BUNDLE_IDENTIFIER = emiran.WordleAppTests;
				PRODUCT_NAME = "$(TARGET_NAME)";
				SWIFT_EMIT_LOC_STRINGS = NO;
				SWIFT_VERSION = 5.0;
				TARGETED_DEVICE_FAMILY = "1,2";
				TEST_HOST = "$(BUILT_PRODUCTS_DIR)/WordleApp.app/$(BUNDLE_EXECUTABLE_FOLDER_PATH)/WordleApp";
			};
			name = Debug;
		};
		37D789102C985EF400A1DE89 /* Release */ = {
			isa = XCBuildConfiguration;
			buildSettings = {
				ALWAYS_EMBED_SWIFT_STANDARD_LIBRARIES = YES;
				BUNDLE_LOADER = "$(TEST_HOST)";
				CODE_SIGN_STYLE = Automatic;
				CURRENT_PROJECT_VERSION = 1;
				DEVELOPMENT_TEAM = DG2N2T855J;
				GENERATE_INFOPLIST_FILE = YES;
				IPHONEOS_DEPLOYMENT_TARGET = 17.5;
				MARKETING_VERSION = 1.0;
				PRODUCT_BUNDLE_IDENTIFIER = emiran.WordleAppTests;
				PRODUCT_NAME = "$(TARGET_NAME)";
				SWIFT_EMIT_LOC_STRINGS = NO;
				SWIFT_VERSION = 5.0;
				TARGETED_DEVICE_FAMILY = "1,2";
				TEST_HOST = "$(BUILT_PRODUCTS_DIR)/WordleApp.app/$(BUNDLE_EXECUTABLE_FOLDER_PATH)/WordleApp";
			};
			name = Release;
		};
		37D789122C985EF400A1DE89 /* Debug */ = {
			isa = XCBuildConfiguration;
			buildSettings = {
				ALWAYS_EMBED_SWIFT_STANDARD_LIBRARIES = YES;
				CODE_SIGN_STYLE = Automatic;
				CURRENT_PROJECT_VERSION = 1;
				DEVELOPMENT_TEAM = DG2N2T855J;
				GENERATE_INFOPLIST_FILE = YES;
				MARKETING_VERSION = 1.0;
				PRODUCT_BUNDLE_IDENTIFIER = emiran.WordleAppUITests;
				PRODUCT_NAME = "$(TARGET_NAME)";
				SWIFT_EMIT_LOC_STRINGS = NO;
				SWIFT_VERSION = 5.0;
				TARGETED_DEVICE_FAMILY = "1,2";
				TEST_TARGET_NAME = WordleApp;
			};
			name = Debug;
		};
		37D789132C985EF400A1DE89 /* Release */ = {
			isa = XCBuildConfiguration;
			buildSettings = {
				ALWAYS_EMBED_SWIFT_STANDARD_LIBRARIES = YES;
				CODE_SIGN_STYLE = Automatic;
				CURRENT_PROJECT_VERSION = 1;
				DEVELOPMENT_TEAM = DG2N2T855J;
				GENERATE_INFOPLIST_FILE = YES;
				MARKETING_VERSION = 1.0;
				PRODUCT_BUNDLE_IDENTIFIER = emiran.WordleAppUITests;
				PRODUCT_NAME = "$(TARGET_NAME)";
				SWIFT_EMIT_LOC_STRINGS = NO;
				SWIFT_VERSION = 5.0;
				TARGETED_DEVICE_FAMILY = "1,2";
				TEST_TARGET_NAME = WordleApp;
			};
			name = Release;
		};
/* End XCBuildConfiguration section */

/* Begin XCConfigurationList section */
		37D788E22C985EF300A1DE89 /* Build configuration list for PBXProject "WordleApp" */ = {
			isa = XCConfigurationList;
			buildConfigurations = (
				37D789092C985EF400A1DE89 /* Debug */,
				37D7890A2C985EF400A1DE89 /* Release */,
			);
			defaultConfigurationIsVisible = 0;
			defaultConfigurationName = Release;
		};
		37D7890B2C985EF400A1DE89 /* Build configuration list for PBXNativeTarget "WordleApp" */ = {
			isa = XCConfigurationList;
			buildConfigurations = (
				37D7890C2C985EF400A1DE89 /* Debug */,
				37D7890D2C985EF400A1DE89 /* Release */,
			);
			defaultConfigurationIsVisible = 0;
			defaultConfigurationName = Release;
		};
		37D7890E2C985EF400A1DE89 /* Build configuration list for PBXNativeTarget "WordleAppTests" */ = {
			isa = XCConfigurationList;
			buildConfigurations = (
				37D7890F2C985EF400A1DE89 /* Debug */,
				37D789102C985EF400A1DE89 /* Release */,
			);
			defaultConfigurationIsVisible = 0;
			defaultConfigurationName = Release;
		};
		37D789112C985EF400A1DE89 /* Build configuration list for PBXNativeTarget "WordleAppUITests" */ = {
			isa = XCConfigurationList;
			buildConfigurations = (
				37D789122C985EF400A1DE89 /* Debug */,
				37D789132C985EF400A1DE89 /* Release */,
			);
			defaultConfigurationIsVisible = 0;
			defaultConfigurationName = Release;
		};
/* End XCConfigurationList section */
	};
	rootObject = 37D788DF2C985EF300A1DE89 /* Project object */;
}
